// !$*UTF8*$!
{
	archiveVersion = 1;
	classes = {
	};
	objectVersion = 55;
	objects = {

/* Begin PBXBuildFile section */
		FA0972C927672B59000C6A13 /* DeepLinkService.swift in Sources */ = {isa = PBXBuildFile; fileRef = FA0972C827672B59000C6A13 /* DeepLinkService.swift */; };
		FA34EF53275A127500EC561C /* UIViewExtension.swift in Sources */ = {isa = PBXBuildFile; fileRef = FA34EF52275A127500EC561C /* UIViewExtension.swift */; };
		FA34EF56275A13C200EC561C /* PopupView.swift in Sources */ = {isa = PBXBuildFile; fileRef = FA34EF55275A13C200EC561C /* PopupView.swift */; };
		FA34EF58275A144100EC561C /* PopupView.xib in Resources */ = {isa = PBXBuildFile; fileRef = FA34EF57275A144100EC561C /* PopupView.xib */; };
		FA34EF5B275A239C00EC561C /* PhotoCardModel.swift in Sources */ = {isa = PBXBuildFile; fileRef = FA34EF5A275A239C00EC561C /* PhotoCardModel.swift */; };
		FA5630CB2761EE20004202AE /* CategoryViewController.swift in Sources */ = {isa = PBXBuildFile; fileRef = FA5630CA2761EE20004202AE /* CategoryViewController.swift */; };
		FA5630CD2761EE68004202AE /* CategoryViewModel.swift in Sources */ = {isa = PBXBuildFile; fileRef = FA5630CC2761EE68004202AE /* CategoryViewModel.swift */; };
		FA5630CF2761EEA7004202AE /* CategoryCoordinator.swift in Sources */ = {isa = PBXBuildFile; fileRef = FA5630CE2761EEA7004202AE /* CategoryCoordinator.swift */; };
		FA5630D22761F096004202AE /* CategoryCell.swift in Sources */ = {isa = PBXBuildFile; fileRef = FA5630D12761F096004202AE /* CategoryCell.swift */; };
		FA5630D42761F0C7004202AE /* CategoryModel.swift in Sources */ = {isa = PBXBuildFile; fileRef = FA5630D32761F0C7004202AE /* CategoryModel.swift */; };
		FA85B6FD2760BC4400B68AEC /* TimeLineViewController.swift in Sources */ = {isa = PBXBuildFile; fileRef = FA85B6FC2760BC4400B68AEC /* TimeLineViewController.swift */; };
		FA85B6FF2760BC7C00B68AEC /* TimeLineViewModel.swift in Sources */ = {isa = PBXBuildFile; fileRef = FA85B6FE2760BC7C00B68AEC /* TimeLineViewModel.swift */; };
		FA85B7012760BCCF00B68AEC /* TimeLineCoordinator.swift in Sources */ = {isa = PBXBuildFile; fileRef = FA85B7002760BCCF00B68AEC /* TimeLineCoordinator.swift */; };
		FA85B7032760CD9F00B68AEC /* TimeLineCell.swift in Sources */ = {isa = PBXBuildFile; fileRef = FA85B7022760CD9F00B68AEC /* TimeLineCell.swift */; };
		FA85B7062760D37A00B68AEC /* TableViewModels.swift in Sources */ = {isa = PBXBuildFile; fileRef = FA85B7052760D37A00B68AEC /* TableViewModels.swift */; };
		FA85B7082760F2E200B68AEC /* CustomSearchBar.swift in Sources */ = {isa = PBXBuildFile; fileRef = FA85B7072760F2E200B68AEC /* CustomSearchBar.swift */; };
		FA85B70A2760F2FB00B68AEC /* CustomSearchBar.xib in Resources */ = {isa = PBXBuildFile; fileRef = FA85B7092760F2FB00B68AEC /* CustomSearchBar.xib */; };
		FA990FD4275F42580074E0D9 /* PopoverView.swift in Sources */ = {isa = PBXBuildFile; fileRef = FA990FD3275F42580074E0D9 /* PopoverView.swift */; };
		FA990FD6275F426B0074E0D9 /* PopoverView.xib in Resources */ = {isa = PBXBuildFile; fileRef = FA990FD5275F426B0074E0D9 /* PopoverView.xib */; };
		FA990FD9275F604C0074E0D9 /* Alamofire in Frameworks */ = {isa = PBXBuildFile; productRef = FA990FD8275F604C0074E0D9 /* Alamofire */; };
		FA990FDB275F61950074E0D9 /* NetworkService.swift in Sources */ = {isa = PBXBuildFile; fileRef = FA990FDA275F61950074E0D9 /* NetworkService.swift */; };
		FA990FE3275FA61F0074E0D9 /* PhotoScreenViewController.swift in Sources */ = {isa = PBXBuildFile; fileRef = FA990FE2275FA61F0074E0D9 /* PhotoScreenViewController.swift */; };
		FA990FE5275FA6370074E0D9 /* PhotoScreenViewModel.swift in Sources */ = {isa = PBXBuildFile; fileRef = FA990FE4275FA6370074E0D9 /* PhotoScreenViewModel.swift */; };
		FA990FE7275FA6B40074E0D9 /* PhotoScreenCoordinator.swift in Sources */ = {isa = PBXBuildFile; fileRef = FA990FE6275FA6B40074E0D9 /* PhotoScreenCoordinator.swift */; };
		FAA08BFF2758E17B00B7C960 /* AppDelegate.swift in Sources */ = {isa = PBXBuildFile; fileRef = FAA08BFE2758E17B00B7C960 /* AppDelegate.swift */; };
		FAA08C012758E17B00B7C960 /* SceneDelegate.swift in Sources */ = {isa = PBXBuildFile; fileRef = FAA08C002758E17B00B7C960 /* SceneDelegate.swift */; };
		FAA08C062758E17B00B7C960 /* Main.storyboard in Resources */ = {isa = PBXBuildFile; fileRef = FAA08C042758E17B00B7C960 /* Main.storyboard */; };
		FAA08C082758E17C00B7C960 /* Assets.xcassets in Resources */ = {isa = PBXBuildFile; fileRef = FAA08C072758E17C00B7C960 /* Assets.xcassets */; };
		FAA08C0B2758E17C00B7C960 /* LaunchScreen.storyboard in Resources */ = {isa = PBXBuildFile; fileRef = FAA08C092758E17C00B7C960 /* LaunchScreen.storyboard */; };
		FAA08C162758E17C00B7C960 /* PhotoMapTests.swift in Sources */ = {isa = PBXBuildFile; fileRef = FAA08C152758E17C00B7C960 /* PhotoMapTests.swift */; };
		FAA08C202758E17C00B7C960 /* PhotoMapUITests.swift in Sources */ = {isa = PBXBuildFile; fileRef = FAA08C1F2758E17C00B7C960 /* PhotoMapUITests.swift */; };
		FAA08C222758E17C00B7C960 /* PhotoMapUITestsLaunchTests.swift in Sources */ = {isa = PBXBuildFile; fileRef = FAA08C212758E17C00B7C960 /* PhotoMapUITestsLaunchTests.swift */; };
		FAA08C2F2758E2BB00B7C960 /* GoogleService-Info.plist in Resources */ = {isa = PBXBuildFile; fileRef = FAA08C2E2758E2BB00B7C960 /* GoogleService-Info.plist */; };
		FAA08C302758E2BB00B7C960 /* GoogleService-Info.plist in Resources */ = {isa = PBXBuildFile; fileRef = FAA08C2E2758E2BB00B7C960 /* GoogleService-Info.plist */; };
		FAA08C312758E2BB00B7C960 /* GoogleService-Info.plist in Resources */ = {isa = PBXBuildFile; fileRef = FAA08C2E2758E2BB00B7C960 /* GoogleService-Info.plist */; };
		FAA08C342758E32900B7C960 /* FirebaseAnalytics in Frameworks */ = {isa = PBXBuildFile; productRef = FAA08C332758E32900B7C960 /* FirebaseAnalytics */; };
		FAA08C362758E32900B7C960 /* FirebaseAuth in Frameworks */ = {isa = PBXBuildFile; productRef = FAA08C352758E32900B7C960 /* FirebaseAuth */; };
		FAA08C382758E32900B7C960 /* FirebaseCrashlytics in Frameworks */ = {isa = PBXBuildFile; productRef = FAA08C372758E32900B7C960 /* FirebaseCrashlytics */; };
		FAA08C3A2758E32900B7C960 /* FirebaseFirestore in Frameworks */ = {isa = PBXBuildFile; productRef = FAA08C392758E32900B7C960 /* FirebaseFirestore */; };
		FAA08C3C2758E32900B7C960 /* FirebaseStorage in Frameworks */ = {isa = PBXBuildFile; productRef = FAA08C3B2758E32900B7C960 /* FirebaseStorage */; };
		FAA08C462758ED5E00B7C960 /* Coordinator.swift in Sources */ = {isa = PBXBuildFile; fileRef = FAA08C452758ED5E00B7C960 /* Coordinator.swift */; };
		FAA08C472758ED5E00B7C960 /* Coordinator.swift in Sources */ = {isa = PBXBuildFile; fileRef = FAA08C452758ED5E00B7C960 /* Coordinator.swift */; };
		FAA08C482758ED5E00B7C960 /* Coordinator.swift in Sources */ = {isa = PBXBuildFile; fileRef = FAA08C452758ED5E00B7C960 /* Coordinator.swift */; };
		FAA08C4A2758EDD300B7C960 /* AuthCoordinator.swift in Sources */ = {isa = PBXBuildFile; fileRef = FAA08C492758EDD300B7C960 /* AuthCoordinator.swift */; };
		FAA08C4B2758EDD300B7C960 /* AuthCoordinator.swift in Sources */ = {isa = PBXBuildFile; fileRef = FAA08C492758EDD300B7C960 /* AuthCoordinator.swift */; };
		FAA08C4C2758EDD300B7C960 /* AuthCoordinator.swift in Sources */ = {isa = PBXBuildFile; fileRef = FAA08C492758EDD300B7C960 /* AuthCoordinator.swift */; };
		FAA08C4E2758F52F00B7C960 /* AuthViewController.swift in Sources */ = {isa = PBXBuildFile; fileRef = FAA08C4D2758F52F00B7C960 /* AuthViewController.swift */; };
		FAA08C502758F5D500B7C960 /* AuthViewModel.swift in Sources */ = {isa = PBXBuildFile; fileRef = FAA08C4F2758F5D500B7C960 /* AuthViewModel.swift */; };
		FAA08C532758F6CF00B7C960 /* SecureStorageService.swift in Sources */ = {isa = PBXBuildFile; fileRef = FAA08C522758F6CF00B7C960 /* SecureStorageService.swift */; };
		FAA08C552758FDB800B7C960 /* AuthorizationService.swift in Sources */ = {isa = PBXBuildFile; fileRef = FAA08C542758FDB800B7C960 /* AuthorizationService.swift */; };
		FAA08C572758FEA400B7C960 /* NetworkError.swift in Sources */ = {isa = PBXBuildFile; fileRef = FAA08C562758FEA400B7C960 /* NetworkError.swift */; };
		FAA08C5D2759022A00B7C960 /* RegisterViewController.swift in Sources */ = {isa = PBXBuildFile; fileRef = FAA08C5C2759022A00B7C960 /* RegisterViewController.swift */; };
		FAA08C5F2759025700B7C960 /* RegisterViewModel.swift in Sources */ = {isa = PBXBuildFile; fileRef = FAA08C5E2759025700B7C960 /* RegisterViewModel.swift */; };
		FAA08C61275902A400B7C960 /* RegisterCoordinator.swift in Sources */ = {isa = PBXBuildFile; fileRef = FAA08C60275902A400B7C960 /* RegisterCoordinator.swift */; };
		FAA08C672759110200B7C960 /* MapViewController.swift in Sources */ = {isa = PBXBuildFile; fileRef = FAA08C662759110200B7C960 /* MapViewController.swift */; };
		FAA08C692759112C00B7C960 /* MapViewModel.swift in Sources */ = {isa = PBXBuildFile; fileRef = FAA08C682759112C00B7C960 /* MapViewModel.swift */; };
		FAA08C6B2759117900B7C960 /* MapCoordinator.swift in Sources */ = {isa = PBXBuildFile; fileRef = FAA08C6A2759117900B7C960 /* MapCoordinator.swift */; };
		FAC2F300275DEE7400E36931 /* FirebaseService.swift in Sources */ = {isa = PBXBuildFile; fileRef = FAC2F2FF275DEE7400E36931 /* FirebaseService.swift */; };
		FAC2F302275E320B00E36931 /* DictionaryHelper.swift in Sources */ = {isa = PBXBuildFile; fileRef = FAC2F301275E320B00E36931 /* DictionaryHelper.swift */; };
/* End PBXBuildFile section */

/* Begin PBXContainerItemProxy section */
		FAA08C122758E17C00B7C960 /* PBXContainerItemProxy */ = {
			isa = PBXContainerItemProxy;
			containerPortal = FAA08BF32758E17B00B7C960 /* Project object */;
			proxyType = 1;
			remoteGlobalIDString = FAA08BFA2758E17B00B7C960;
			remoteInfo = PhotoMap;
		};
		FAA08C1C2758E17C00B7C960 /* PBXContainerItemProxy */ = {
			isa = PBXContainerItemProxy;
			containerPortal = FAA08BF32758E17B00B7C960 /* Project object */;
			proxyType = 1;
			remoteGlobalIDString = FAA08BFA2758E17B00B7C960;
			remoteInfo = PhotoMap;
		};
/* End PBXContainerItemProxy section */

/* Begin PBXFileReference section */
		FA0972C827672B59000C6A13 /* DeepLinkService.swift */ = {isa = PBXFileReference; lastKnownFileType = sourcecode.swift; path = DeepLinkService.swift; sourceTree = "<group>"; };
		FA34EF52275A127500EC561C /* UIViewExtension.swift */ = {isa = PBXFileReference; lastKnownFileType = sourcecode.swift; path = UIViewExtension.swift; sourceTree = "<group>"; };
		FA34EF55275A13C200EC561C /* PopupView.swift */ = {isa = PBXFileReference; lastKnownFileType = sourcecode.swift; path = PopupView.swift; sourceTree = "<group>"; };
		FA34EF57275A144100EC561C /* PopupView.xib */ = {isa = PBXFileReference; lastKnownFileType = file.xib; path = PopupView.xib; sourceTree = "<group>"; };
		FA34EF5A275A239C00EC561C /* PhotoCardModel.swift */ = {isa = PBXFileReference; lastKnownFileType = sourcecode.swift; path = PhotoCardModel.swift; sourceTree = "<group>"; };
		FA5630CA2761EE20004202AE /* CategoryViewController.swift */ = {isa = PBXFileReference; lastKnownFileType = sourcecode.swift; path = CategoryViewController.swift; sourceTree = "<group>"; };
		FA5630CC2761EE68004202AE /* CategoryViewModel.swift */ = {isa = PBXFileReference; lastKnownFileType = sourcecode.swift; path = CategoryViewModel.swift; sourceTree = "<group>"; };
		FA5630CE2761EEA7004202AE /* CategoryCoordinator.swift */ = {isa = PBXFileReference; lastKnownFileType = sourcecode.swift; path = CategoryCoordinator.swift; sourceTree = "<group>"; };
		FA5630D12761F096004202AE /* CategoryCell.swift */ = {isa = PBXFileReference; lastKnownFileType = sourcecode.swift; path = CategoryCell.swift; sourceTree = "<group>"; };
		FA5630D32761F0C7004202AE /* CategoryModel.swift */ = {isa = PBXFileReference; lastKnownFileType = sourcecode.swift; path = CategoryModel.swift; sourceTree = "<group>"; };
		FA85B6FC2760BC4400B68AEC /* TimeLineViewController.swift */ = {isa = PBXFileReference; lastKnownFileType = sourcecode.swift; path = TimeLineViewController.swift; sourceTree = "<group>"; };
		FA85B6FE2760BC7C00B68AEC /* TimeLineViewModel.swift */ = {isa = PBXFileReference; lastKnownFileType = sourcecode.swift; path = TimeLineViewModel.swift; sourceTree = "<group>"; };
		FA85B7002760BCCF00B68AEC /* TimeLineCoordinator.swift */ = {isa = PBXFileReference; lastKnownFileType = sourcecode.swift; path = TimeLineCoordinator.swift; sourceTree = "<group>"; };
		FA85B7022760CD9F00B68AEC /* TimeLineCell.swift */ = {isa = PBXFileReference; lastKnownFileType = sourcecode.swift; path = TimeLineCell.swift; sourceTree = "<group>"; };
		FA85B7052760D37A00B68AEC /* TableViewModels.swift */ = {isa = PBXFileReference; lastKnownFileType = sourcecode.swift; path = TableViewModels.swift; sourceTree = "<group>"; };
		FA85B7072760F2E200B68AEC /* CustomSearchBar.swift */ = {isa = PBXFileReference; lastKnownFileType = sourcecode.swift; path = CustomSearchBar.swift; sourceTree = "<group>"; };
		FA85B7092760F2FB00B68AEC /* CustomSearchBar.xib */ = {isa = PBXFileReference; lastKnownFileType = file.xib; path = CustomSearchBar.xib; sourceTree = "<group>"; };
		FA990FD3275F42580074E0D9 /* PopoverView.swift */ = {isa = PBXFileReference; lastKnownFileType = sourcecode.swift; path = PopoverView.swift; sourceTree = "<group>"; };
		FA990FD5275F426B0074E0D9 /* PopoverView.xib */ = {isa = PBXFileReference; lastKnownFileType = file.xib; path = PopoverView.xib; sourceTree = "<group>"; };
		FA990FDA275F61950074E0D9 /* NetworkService.swift */ = {isa = PBXFileReference; lastKnownFileType = sourcecode.swift; path = NetworkService.swift; sourceTree = "<group>"; };
		FA990FE2275FA61F0074E0D9 /* PhotoScreenViewController.swift */ = {isa = PBXFileReference; lastKnownFileType = sourcecode.swift; path = PhotoScreenViewController.swift; sourceTree = "<group>"; };
		FA990FE4275FA6370074E0D9 /* PhotoScreenViewModel.swift */ = {isa = PBXFileReference; lastKnownFileType = sourcecode.swift; path = PhotoScreenViewModel.swift; sourceTree = "<group>"; };
		FA990FE6275FA6B40074E0D9 /* PhotoScreenCoordinator.swift */ = {isa = PBXFileReference; lastKnownFileType = sourcecode.swift; path = PhotoScreenCoordinator.swift; sourceTree = "<group>"; };
		FAA08BFB2758E17B00B7C960 /* PhotoMap.app */ = {isa = PBXFileReference; explicitFileType = wrapper.application; includeInIndex = 0; path = PhotoMap.app; sourceTree = BUILT_PRODUCTS_DIR; };
		FAA08BFE2758E17B00B7C960 /* AppDelegate.swift */ = {isa = PBXFileReference; lastKnownFileType = sourcecode.swift; path = AppDelegate.swift; sourceTree = "<group>"; };
		FAA08C002758E17B00B7C960 /* SceneDelegate.swift */ = {isa = PBXFileReference; lastKnownFileType = sourcecode.swift; path = SceneDelegate.swift; sourceTree = "<group>"; };
		FAA08C052758E17B00B7C960 /* Base */ = {isa = PBXFileReference; lastKnownFileType = file.storyboard; name = Base; path = Base.lproj/Main.storyboard; sourceTree = "<group>"; };
		FAA08C072758E17C00B7C960 /* Assets.xcassets */ = {isa = PBXFileReference; lastKnownFileType = folder.assetcatalog; path = Assets.xcassets; sourceTree = "<group>"; };
		FAA08C0A2758E17C00B7C960 /* Base */ = {isa = PBXFileReference; lastKnownFileType = file.storyboard; name = Base; path = Base.lproj/LaunchScreen.storyboard; sourceTree = "<group>"; };
		FAA08C0C2758E17C00B7C960 /* Info.plist */ = {isa = PBXFileReference; lastKnownFileType = text.plist.xml; path = Info.plist; sourceTree = "<group>"; };
		FAA08C112758E17C00B7C960 /* PhotoMapTests.xctest */ = {isa = PBXFileReference; explicitFileType = wrapper.cfbundle; includeInIndex = 0; path = PhotoMapTests.xctest; sourceTree = BUILT_PRODUCTS_DIR; };
		FAA08C152758E17C00B7C960 /* PhotoMapTests.swift */ = {isa = PBXFileReference; lastKnownFileType = sourcecode.swift; path = PhotoMapTests.swift; sourceTree = "<group>"; };
		FAA08C1B2758E17C00B7C960 /* PhotoMapUITests.xctest */ = {isa = PBXFileReference; explicitFileType = wrapper.cfbundle; includeInIndex = 0; path = PhotoMapUITests.xctest; sourceTree = BUILT_PRODUCTS_DIR; };
		FAA08C1F2758E17C00B7C960 /* PhotoMapUITests.swift */ = {isa = PBXFileReference; lastKnownFileType = sourcecode.swift; path = PhotoMapUITests.swift; sourceTree = "<group>"; };
		FAA08C212758E17C00B7C960 /* PhotoMapUITestsLaunchTests.swift */ = {isa = PBXFileReference; lastKnownFileType = sourcecode.swift; path = PhotoMapUITestsLaunchTests.swift; sourceTree = "<group>"; };
		FAA08C2E2758E2BB00B7C960 /* GoogleService-Info.plist */ = {isa = PBXFileReference; fileEncoding = 4; lastKnownFileType = text.plist.xml; path = "GoogleService-Info.plist"; sourceTree = "<group>"; };
		FAA08C452758ED5E00B7C960 /* Coordinator.swift */ = {isa = PBXFileReference; lastKnownFileType = sourcecode.swift; path = Coordinator.swift; sourceTree = "<group>"; };
		FAA08C492758EDD300B7C960 /* AuthCoordinator.swift */ = {isa = PBXFileReference; lastKnownFileType = sourcecode.swift; path = AuthCoordinator.swift; sourceTree = "<group>"; };
		FAA08C4D2758F52F00B7C960 /* AuthViewController.swift */ = {isa = PBXFileReference; lastKnownFileType = sourcecode.swift; path = AuthViewController.swift; sourceTree = "<group>"; };
		FAA08C4F2758F5D500B7C960 /* AuthViewModel.swift */ = {isa = PBXFileReference; lastKnownFileType = sourcecode.swift; path = AuthViewModel.swift; sourceTree = "<group>"; };
		FAA08C522758F6CF00B7C960 /* SecureStorageService.swift */ = {isa = PBXFileReference; lastKnownFileType = sourcecode.swift; path = SecureStorageService.swift; sourceTree = "<group>"; };
		FAA08C542758FDB800B7C960 /* AuthorizationService.swift */ = {isa = PBXFileReference; lastKnownFileType = sourcecode.swift; path = AuthorizationService.swift; sourceTree = "<group>"; };
		FAA08C562758FEA400B7C960 /* NetworkError.swift */ = {isa = PBXFileReference; lastKnownFileType = sourcecode.swift; path = NetworkError.swift; sourceTree = "<group>"; };
		FAA08C5C2759022A00B7C960 /* RegisterViewController.swift */ = {isa = PBXFileReference; lastKnownFileType = sourcecode.swift; path = RegisterViewController.swift; sourceTree = "<group>"; };
		FAA08C5E2759025700B7C960 /* RegisterViewModel.swift */ = {isa = PBXFileReference; lastKnownFileType = sourcecode.swift; path = RegisterViewModel.swift; sourceTree = "<group>"; };
		FAA08C60275902A400B7C960 /* RegisterCoordinator.swift */ = {isa = PBXFileReference; lastKnownFileType = sourcecode.swift; path = RegisterCoordinator.swift; sourceTree = "<group>"; };
		FAA08C662759110200B7C960 /* MapViewController.swift */ = {isa = PBXFileReference; lastKnownFileType = sourcecode.swift; path = MapViewController.swift; sourceTree = "<group>"; };
		FAA08C682759112C00B7C960 /* MapViewModel.swift */ = {isa = PBXFileReference; lastKnownFileType = sourcecode.swift; path = MapViewModel.swift; sourceTree = "<group>"; };
		FAA08C6A2759117900B7C960 /* MapCoordinator.swift */ = {isa = PBXFileReference; lastKnownFileType = sourcecode.swift; path = MapCoordinator.swift; sourceTree = "<group>"; };
		FAC2F2FF275DEE7400E36931 /* FirebaseService.swift */ = {isa = PBXFileReference; lastKnownFileType = sourcecode.swift; path = FirebaseService.swift; sourceTree = "<group>"; };
		FAC2F301275E320B00E36931 /* DictionaryHelper.swift */ = {isa = PBXFileReference; lastKnownFileType = sourcecode.swift; path = DictionaryHelper.swift; sourceTree = "<group>"; };
/* End PBXFileReference section */

/* Begin PBXFrameworksBuildPhase section */
		FAA08BF82758E17B00B7C960 /* Frameworks */ = {
			isa = PBXFrameworksBuildPhase;
			buildActionMask = 2147483647;
			files = (
				FAA08C382758E32900B7C960 /* FirebaseCrashlytics in Frameworks */,
				FAA08C3A2758E32900B7C960 /* FirebaseFirestore in Frameworks */,
				FAA08C342758E32900B7C960 /* FirebaseAnalytics in Frameworks */,
				FA990FD9275F604C0074E0D9 /* Alamofire in Frameworks */,
				FAA08C3C2758E32900B7C960 /* FirebaseStorage in Frameworks */,
				FAA08C362758E32900B7C960 /* FirebaseAuth in Frameworks */,
			);
			runOnlyForDeploymentPostprocessing = 0;
		};
		FAA08C0E2758E17C00B7C960 /* Frameworks */ = {
			isa = PBXFrameworksBuildPhase;
			buildActionMask = 2147483647;
			files = (
			);
			runOnlyForDeploymentPostprocessing = 0;
		};
		FAA08C182758E17C00B7C960 /* Frameworks */ = {
			isa = PBXFrameworksBuildPhase;
			buildActionMask = 2147483647;
			files = (
			);
			runOnlyForDeploymentPostprocessing = 0;
		};
/* End PBXFrameworksBuildPhase section */

/* Begin PBXGroup section */
		FA34EF51275A125900EC561C /* Extansions */ = {
			isa = PBXGroup;
			children = (
				FA34EF52275A127500EC561C /* UIViewExtension.swift */,
			);
			path = Extansions;
			sourceTree = "<group>";
		};
		FA34EF54275A12E200EC561C /* Views */ = {
			isa = PBXGroup;
			children = (
				FA34EF55275A13C200EC561C /* PopupView.swift */,
				FA34EF57275A144100EC561C /* PopupView.xib */,
				FA990FD3275F42580074E0D9 /* PopoverView.swift */,
				FA990FD5275F426B0074E0D9 /* PopoverView.xib */,
				FA85B7072760F2E200B68AEC /* CustomSearchBar.swift */,
				FA85B7092760F2FB00B68AEC /* CustomSearchBar.xib */,
			);
			path = Views;
			sourceTree = "<group>";
		};
		FA34EF59275A238800EC561C /* Models */ = {
			isa = PBXGroup;
			children = (
				FA34EF5A275A239C00EC561C /* PhotoCardModel.swift */,
			);
			path = Models;
			sourceTree = "<group>";
		};
		FA5630C62761EDEA004202AE /* CategoryScreen */ = {
			isa = PBXGroup;
			children = (
				FA5630D02761F079004202AE /* CategoryModels */,
				FA5630C92761EE08004202AE /* CategoryCoordinator */,
				FA5630C82761EDFC004202AE /* CategoryViewModel */,
				FA5630C72761EDF4004202AE /* CategoryView */,
			);
			path = CategoryScreen;
			sourceTree = "<group>";
		};
		FA5630C72761EDF4004202AE /* CategoryView */ = {
			isa = PBXGroup;
			children = (
				FA5630D12761F096004202AE /* CategoryCell.swift */,
				FA5630CA2761EE20004202AE /* CategoryViewController.swift */,
			);
			path = CategoryView;
			sourceTree = "<group>";
		};
		FA5630C82761EDFC004202AE /* CategoryViewModel */ = {
			isa = PBXGroup;
			children = (
				FA5630CC2761EE68004202AE /* CategoryViewModel.swift */,
			);
			path = CategoryViewModel;
			sourceTree = "<group>";
		};
		FA5630C92761EE08004202AE /* CategoryCoordinator */ = {
			isa = PBXGroup;
			children = (
				FA5630CE2761EEA7004202AE /* CategoryCoordinator.swift */,
			);
			path = CategoryCoordinator;
			sourceTree = "<group>";
		};
		FA5630D02761F079004202AE /* CategoryModels */ = {
			isa = PBXGroup;
			children = (
				FA5630D32761F0C7004202AE /* CategoryModel.swift */,
			);
			path = CategoryModels;
			sourceTree = "<group>";
		};
		FA85B6F82760BC1200B68AEC /* TimeLine */ = {
			isa = PBXGroup;
			children = (
				FA85B7042760D35F00B68AEC /* Models */,
				FA85B6FB2760BC3200B68AEC /* TimeLineCoordinator */,
				FA85B6FA2760BC2800B68AEC /* TimeLineViewModel */,
				FA85B6F92760BC1F00B68AEC /* TimeLineView */,
			);
			path = TimeLine;
			sourceTree = "<group>";
		};
		FA85B6F92760BC1F00B68AEC /* TimeLineView */ = {
			isa = PBXGroup;
			children = (
				FA85B6FC2760BC4400B68AEC /* TimeLineViewController.swift */,
				FA85B7022760CD9F00B68AEC /* TimeLineCell.swift */,
			);
			path = TimeLineView;
			sourceTree = "<group>";
		};
		FA85B6FA2760BC2800B68AEC /* TimeLineViewModel */ = {
			isa = PBXGroup;
			children = (
				FA85B6FE2760BC7C00B68AEC /* TimeLineViewModel.swift */,
			);
			path = TimeLineViewModel;
			sourceTree = "<group>";
		};
		FA85B6FB2760BC3200B68AEC /* TimeLineCoordinator */ = {
			isa = PBXGroup;
			children = (
				FA85B7002760BCCF00B68AEC /* TimeLineCoordinator.swift */,
			);
			path = TimeLineCoordinator;
			sourceTree = "<group>";
		};
		FA85B7042760D35F00B68AEC /* Models */ = {
			isa = PBXGroup;
			children = (
				FA85B7052760D37A00B68AEC /* TableViewModels.swift */,
			);
			path = Models;
			sourceTree = "<group>";
		};
		FA990FDE275FA5D90074E0D9 /* PhotoScreen */ = {
			isa = PBXGroup;
			children = (
				FA990FE1275FA5FA0074E0D9 /* PhotoScreenCoordinator */,
				FA990FE0275FA5EF0074E0D9 /* PhotoScreenViewModel */,
				FA990FDF275FA5E20074E0D9 /* PhotoScreenView */,
			);
			path = PhotoScreen;
			sourceTree = "<group>";
		};
		FA990FDF275FA5E20074E0D9 /* PhotoScreenView */ = {
			isa = PBXGroup;
			children = (
				FA990FE2275FA61F0074E0D9 /* PhotoScreenViewController.swift */,
			);
			path = PhotoScreenView;
			sourceTree = "<group>";
		};
		FA990FE0275FA5EF0074E0D9 /* PhotoScreenViewModel */ = {
			isa = PBXGroup;
			children = (
				FA990FE4275FA6370074E0D9 /* PhotoScreenViewModel.swift */,
			);
			path = PhotoScreenViewModel;
			sourceTree = "<group>";
		};
		FA990FE1275FA5FA0074E0D9 /* PhotoScreenCoordinator */ = {
			isa = PBXGroup;
			children = (
				FA990FE6275FA6B40074E0D9 /* PhotoScreenCoordinator.swift */,
			);
			path = PhotoScreenCoordinator;
			sourceTree = "<group>";
		};
		FAA08BF22758E17B00B7C960 = {
			isa = PBXGroup;
			children = (
				FAA08BFD2758E17B00B7C960 /* PhotoMap */,
				FAA08C142758E17C00B7C960 /* PhotoMapTests */,
				FAA08C1E2758E17C00B7C960 /* PhotoMapUITests */,
				FAA08BFC2758E17B00B7C960 /* Products */,
			);
			sourceTree = "<group>";
		};
		FAA08BFC2758E17B00B7C960 /* Products */ = {
			isa = PBXGroup;
			children = (
				FAA08BFB2758E17B00B7C960 /* PhotoMap.app */,
				FAA08C112758E17C00B7C960 /* PhotoMapTests.xctest */,
				FAA08C1B2758E17C00B7C960 /* PhotoMapUITests.xctest */,
			);
			name = Products;
			sourceTree = "<group>";
		};
		FAA08BFD2758E17B00B7C960 /* PhotoMap */ = {
			isa = PBXGroup;
			children = (
				FAA08C512758F6B900B7C960 /* Services */,
				FAA08C442758ED4900B7C960 /* Base */,
				FAA08C3F2758E8D100B7C960 /* Modules */,
				FAA08C3E2758E89200B7C960 /* Source */,
				FAA08C3D2758E87800B7C960 /* Delegates */,
				FAA08C042758E17B00B7C960 /* Main.storyboard */,
				FAA08C092758E17C00B7C960 /* LaunchScreen.storyboard */,
				FAA08C2E2758E2BB00B7C960 /* GoogleService-Info.plist */,
			);
			path = PhotoMap;
			sourceTree = "<group>";
		};
		FAA08C142758E17C00B7C960 /* PhotoMapTests */ = {
			isa = PBXGroup;
			children = (
				FAA08C152758E17C00B7C960 /* PhotoMapTests.swift */,
			);
			path = PhotoMapTests;
			sourceTree = "<group>";
		};
		FAA08C1E2758E17C00B7C960 /* PhotoMapUITests */ = {
			isa = PBXGroup;
			children = (
				FAA08C1F2758E17C00B7C960 /* PhotoMapUITests.swift */,
				FAA08C212758E17C00B7C960 /* PhotoMapUITestsLaunchTests.swift */,
			);
			path = PhotoMapUITests;
			sourceTree = "<group>";
		};
		FAA08C3D2758E87800B7C960 /* Delegates */ = {
			isa = PBXGroup;
			children = (
				FAA08BFE2758E17B00B7C960 /* AppDelegate.swift */,
				FAA08C002758E17B00B7C960 /* SceneDelegate.swift */,
			);
			path = Delegates;
			sourceTree = "<group>";
		};
		FAA08C3E2758E89200B7C960 /* Source */ = {
			isa = PBXGroup;
			children = (
				FAA08C0C2758E17C00B7C960 /* Info.plist */,
				FAA08C072758E17C00B7C960 /* Assets.xcassets */,
			);
			path = Source;
			sourceTree = "<group>";
		};
		FAA08C3F2758E8D100B7C960 /* Modules */ = {
			isa = PBXGroup;
			children = (
				FA5630C62761EDEA004202AE /* CategoryScreen */,
				FA85B6F82760BC1200B68AEC /* TimeLine */,
				FA990FDE275FA5D90074E0D9 /* PhotoScreen */,
				FAA08C62275910BE00B7C960 /* MapScreen */,
				FAA08C58275901F300B7C960 /* RegisterScreen */,
				FAA08C402758ED1700B7C960 /* AuthScreen */,
			);
			path = Modules;
			sourceTree = "<group>";
		};
		FAA08C402758ED1700B7C960 /* AuthScreen */ = {
			isa = PBXGroup;
			children = (
				FAA08C432758ED3C00B7C960 /* AuthViewModel */,
				FAA08C422758ED3500B7C960 /* AuthView */,
				FAA08C412758ED2100B7C960 /* AuthCoordinator */,
			);
			path = AuthScreen;
			sourceTree = "<group>";
		};
		FAA08C412758ED2100B7C960 /* AuthCoordinator */ = {
			isa = PBXGroup;
			children = (
				FAA08C492758EDD300B7C960 /* AuthCoordinator.swift */,
			);
			path = AuthCoordinator;
			sourceTree = "<group>";
		};
		FAA08C422758ED3500B7C960 /* AuthView */ = {
			isa = PBXGroup;
			children = (
				FAA08C4D2758F52F00B7C960 /* AuthViewController.swift */,
			);
			path = AuthView;
			sourceTree = "<group>";
		};
		FAA08C432758ED3C00B7C960 /* AuthViewModel */ = {
			isa = PBXGroup;
			children = (
				FAA08C4F2758F5D500B7C960 /* AuthViewModel.swift */,
			);
			path = AuthViewModel;
			sourceTree = "<group>";
		};
		FAA08C442758ED4900B7C960 /* Base */ = {
			isa = PBXGroup;
			children = (
				FA34EF54275A12E200EC561C /* Views */,
				FA34EF51275A125900EC561C /* Extansions */,
				FAA08C452758ED5E00B7C960 /* Coordinator.swift */,
				FAA08C562758FEA400B7C960 /* NetworkError.swift */,
			);
			path = Base;
			sourceTree = "<group>";
		};
		FAA08C512758F6B900B7C960 /* Services */ = {
			isa = PBXGroup;
			children = (
				FAA08C522758F6CF00B7C960 /* SecureStorageService.swift */,
				FAA08C542758FDB800B7C960 /* AuthorizationService.swift */,
				FAC2F2FF275DEE7400E36931 /* FirebaseService.swift */,
				FAC2F301275E320B00E36931 /* DictionaryHelper.swift */,
				FA990FDA275F61950074E0D9 /* NetworkService.swift */,
				FA0972C827672B59000C6A13 /* DeepLinkService.swift */,
			);
			path = Services;
			sourceTree = "<group>";
		};
		FAA08C58275901F300B7C960 /* RegisterScreen */ = {
			isa = PBXGroup;
			children = (
				FAA08C5B2759021500B7C960 /* RegisterCoordinator */,
				FAA08C5A2759020C00B7C960 /* RegisterViewModel */,
				FAA08C592759020400B7C960 /* RegisterView */,
			);
			path = RegisterScreen;
			sourceTree = "<group>";
		};
		FAA08C592759020400B7C960 /* RegisterView */ = {
			isa = PBXGroup;
			children = (
				FAA08C5C2759022A00B7C960 /* RegisterViewController.swift */,
			);
			path = RegisterView;
			sourceTree = "<group>";
		};
		FAA08C5A2759020C00B7C960 /* RegisterViewModel */ = {
			isa = PBXGroup;
			children = (
				FAA08C5E2759025700B7C960 /* RegisterViewModel.swift */,
			);
			path = RegisterViewModel;
			sourceTree = "<group>";
		};
		FAA08C5B2759021500B7C960 /* RegisterCoordinator */ = {
			isa = PBXGroup;
			children = (
				FAA08C60275902A400B7C960 /* RegisterCoordinator.swift */,
			);
			path = RegisterCoordinator;
			sourceTree = "<group>";
		};
		FAA08C62275910BE00B7C960 /* MapScreen */ = {
			isa = PBXGroup;
			children = (
				FA34EF59275A238800EC561C /* Models */,
				FAA08C65275910D300B7C960 /* MapCoordinator */,
				FAA08C64275910CD00B7C960 /* MapViewModel */,
				FAA08C63275910C700B7C960 /* MapView */,
			);
			path = MapScreen;
			sourceTree = "<group>";
		};
		FAA08C63275910C700B7C960 /* MapView */ = {
			isa = PBXGroup;
			children = (
				FAA08C662759110200B7C960 /* MapViewController.swift */,
			);
			path = MapView;
			sourceTree = "<group>";
		};
		FAA08C64275910CD00B7C960 /* MapViewModel */ = {
			isa = PBXGroup;
			children = (
				FAA08C682759112C00B7C960 /* MapViewModel.swift */,
			);
			path = MapViewModel;
			sourceTree = "<group>";
		};
		FAA08C65275910D300B7C960 /* MapCoordinator */ = {
			isa = PBXGroup;
			children = (
				FAA08C6A2759117900B7C960 /* MapCoordinator.swift */,
			);
			path = MapCoordinator;
			sourceTree = "<group>";
		};
/* End PBXGroup section */

/* Begin PBXNativeTarget section */
		FAA08BFA2758E17B00B7C960 /* PhotoMap */ = {
			isa = PBXNativeTarget;
			buildConfigurationList = FAA08C252758E17C00B7C960 /* Build configuration list for PBXNativeTarget "PhotoMap" */;
			buildPhases = (
				FAA08BF72758E17B00B7C960 /* Sources */,
				FAA08BF82758E17B00B7C960 /* Frameworks */,
				FAA08BF92758E17B00B7C960 /* Resources */,
				FAF3F8AC27633C0600724C07 /* ShellScript */,
			);
			buildRules = (
			);
			dependencies = (
			);
			name = PhotoMap;
			packageProductDependencies = (
				FAA08C332758E32900B7C960 /* FirebaseAnalytics */,
				FAA08C352758E32900B7C960 /* FirebaseAuth */,
				FAA08C372758E32900B7C960 /* FirebaseCrashlytics */,
				FAA08C392758E32900B7C960 /* FirebaseFirestore */,
				FAA08C3B2758E32900B7C960 /* FirebaseStorage */,
				FA990FD8275F604C0074E0D9 /* Alamofire */,
			);
			productName = PhotoMap;
			productReference = FAA08BFB2758E17B00B7C960 /* PhotoMap.app */;
			productType = "com.apple.product-type.application";
		};
		FAA08C102758E17C00B7C960 /* PhotoMapTests */ = {
			isa = PBXNativeTarget;
			buildConfigurationList = FAA08C282758E17C00B7C960 /* Build configuration list for PBXNativeTarget "PhotoMapTests" */;
			buildPhases = (
				FAA08C0D2758E17C00B7C960 /* Sources */,
				FAA08C0E2758E17C00B7C960 /* Frameworks */,
				FAA08C0F2758E17C00B7C960 /* Resources */,
			);
			buildRules = (
			);
			dependencies = (
				FAA08C132758E17C00B7C960 /* PBXTargetDependency */,
			);
			name = PhotoMapTests;
			productName = PhotoMapTests;
			productReference = FAA08C112758E17C00B7C960 /* PhotoMapTests.xctest */;
			productType = "com.apple.product-type.bundle.unit-test";
		};
		FAA08C1A2758E17C00B7C960 /* PhotoMapUITests */ = {
			isa = PBXNativeTarget;
			buildConfigurationList = FAA08C2B2758E17C00B7C960 /* Build configuration list for PBXNativeTarget "PhotoMapUITests" */;
			buildPhases = (
				FAA08C172758E17C00B7C960 /* Sources */,
				FAA08C182758E17C00B7C960 /* Frameworks */,
				FAA08C192758E17C00B7C960 /* Resources */,
			);
			buildRules = (
			);
			dependencies = (
				FAA08C1D2758E17C00B7C960 /* PBXTargetDependency */,
			);
			name = PhotoMapUITests;
			productName = PhotoMapUITests;
			productReference = FAA08C1B2758E17C00B7C960 /* PhotoMapUITests.xctest */;
			productType = "com.apple.product-type.bundle.ui-testing";
		};
/* End PBXNativeTarget section */

/* Begin PBXProject section */
		FAA08BF32758E17B00B7C960 /* Project object */ = {
			isa = PBXProject;
			attributes = {
				BuildIndependentTargetsInParallel = 1;
				LastSwiftUpdateCheck = 1310;
				LastUpgradeCheck = 1310;
				TargetAttributes = {
					FAA08BFA2758E17B00B7C960 = {
						CreatedOnToolsVersion = 13.1;
					};
					FAA08C102758E17C00B7C960 = {
						CreatedOnToolsVersion = 13.1;
						TestTargetID = FAA08BFA2758E17B00B7C960;
					};
					FAA08C1A2758E17C00B7C960 = {
						CreatedOnToolsVersion = 13.1;
						TestTargetID = FAA08BFA2758E17B00B7C960;
					};
				};
			};
			buildConfigurationList = FAA08BF62758E17B00B7C960 /* Build configuration list for PBXProject "PhotoMap" */;
			compatibilityVersion = "Xcode 13.0";
			developmentRegion = en;
			hasScannedForEncodings = 0;
			knownRegions = (
				en,
				Base,
			);
			mainGroup = FAA08BF22758E17B00B7C960;
			packageReferences = (
				FAA08C322758E32900B7C960 /* XCRemoteSwiftPackageReference "firebase-ios-sdk" */,
				FA990FD7275F604C0074E0D9 /* XCRemoteSwiftPackageReference "Alamofire" */,
			);
			productRefGroup = FAA08BFC2758E17B00B7C960 /* Products */;
			projectDirPath = "";
			projectRoot = "";
			targets = (
				FAA08BFA2758E17B00B7C960 /* PhotoMap */,
				FAA08C102758E17C00B7C960 /* PhotoMapTests */,
				FAA08C1A2758E17C00B7C960 /* PhotoMapUITests */,
			);
		};
/* End PBXProject section */

/* Begin PBXResourcesBuildPhase section */
		FAA08BF92758E17B00B7C960 /* Resources */ = {
			isa = PBXResourcesBuildPhase;
			buildActionMask = 2147483647;
			files = (
				FAA08C0B2758E17C00B7C960 /* LaunchScreen.storyboard in Resources */,
				FAA08C2F2758E2BB00B7C960 /* GoogleService-Info.plist in Resources */,
				FA990FD6275F426B0074E0D9 /* PopoverView.xib in Resources */,
				FA85B70A2760F2FB00B68AEC /* CustomSearchBar.xib in Resources */,
				FA34EF58275A144100EC561C /* PopupView.xib in Resources */,
				FAA08C082758E17C00B7C960 /* Assets.xcassets in Resources */,
				FAA08C062758E17B00B7C960 /* Main.storyboard in Resources */,
			);
			runOnlyForDeploymentPostprocessing = 0;
		};
		FAA08C0F2758E17C00B7C960 /* Resources */ = {
			isa = PBXResourcesBuildPhase;
			buildActionMask = 2147483647;
			files = (
				FAA08C302758E2BB00B7C960 /* GoogleService-Info.plist in Resources */,
			);
			runOnlyForDeploymentPostprocessing = 0;
		};
		FAA08C192758E17C00B7C960 /* Resources */ = {
			isa = PBXResourcesBuildPhase;
			buildActionMask = 2147483647;
			files = (
				FAA08C312758E2BB00B7C960 /* GoogleService-Info.plist in Resources */,
			);
			runOnlyForDeploymentPostprocessing = 0;
		};
/* End PBXResourcesBuildPhase section */

/* Begin PBXShellScriptBuildPhase section */
		FAF3F8AC27633C0600724C07 /* ShellScript */ = {
			isa = PBXShellScriptBuildPhase;
			buildActionMask = 2147483647;
			files = (
			);
			inputFileListPaths = (
			);
			inputPaths = (
				"${DWARF_DSYM_FOLDER_PATH}/${DWARF_DSYM_FILE_NAME}/Contents/Resources/DWARF/${TARGET_NAME}",
				"$(SRCROOT)/$(BUILT_PRODUCTS_DIR)/$(INFOPLIST_PATH)",
			);
			outputFileListPaths = (
			);
			outputPaths = (
			);
			runOnlyForDeploymentPostprocessing = 0;
			shellPath = /bin/sh;
			shellScript = "# Type a script or drag a script file from your workspace to insert its path.\n\"${BUILD_DIR%/Build/*}/SourcePackages/checkouts/firebase-ios-sdk/Crashlytics/run\"\n";
		};
/* End PBXShellScriptBuildPhase section */

/* Begin PBXSourcesBuildPhase section */
		FAA08BF72758E17B00B7C960 /* Sources */ = {
			isa = PBXSourcesBuildPhase;
			buildActionMask = 2147483647;
			files = (
				FA0972C927672B59000C6A13 /* DeepLinkService.swift in Sources */,
				FA990FDB275F61950074E0D9 /* NetworkService.swift in Sources */,
				FA990FD4275F42580074E0D9 /* PopoverView.swift in Sources */,
				FAC2F300275DEE7400E36931 /* FirebaseService.swift in Sources */,
				FAA08C532758F6CF00B7C960 /* SecureStorageService.swift in Sources */,
				FAA08C5D2759022A00B7C960 /* RegisterViewController.swift in Sources */,
				FA85B6FF2760BC7C00B68AEC /* TimeLineViewModel.swift in Sources */,
				FAA08BFF2758E17B00B7C960 /* AppDelegate.swift in Sources */,
				FAA08C6B2759117900B7C960 /* MapCoordinator.swift in Sources */,
				FA990FE5275FA6370074E0D9 /* PhotoScreenViewModel.swift in Sources */,
				FA85B6FD2760BC4400B68AEC /* TimeLineViewController.swift in Sources */,
				FAA08C012758E17B00B7C960 /* SceneDelegate.swift in Sources */,
				FAA08C5F2759025700B7C960 /* RegisterViewModel.swift in Sources */,
				FA34EF53275A127500EC561C /* UIViewExtension.swift in Sources */,
				FAA08C61275902A400B7C960 /* RegisterCoordinator.swift in Sources */,
				FA34EF5B275A239C00EC561C /* PhotoCardModel.swift in Sources */,
				FAA08C672759110200B7C960 /* MapViewController.swift in Sources */,
				FA85B7012760BCCF00B68AEC /* TimeLineCoordinator.swift in Sources */,
				FA5630D42761F0C7004202AE /* CategoryModel.swift in Sources */,
				FA85B7032760CD9F00B68AEC /* TimeLineCell.swift in Sources */,
				FAC2F302275E320B00E36931 /* DictionaryHelper.swift in Sources */,
				FAA08C502758F5D500B7C960 /* AuthViewModel.swift in Sources */,
				FA5630CB2761EE20004202AE /* CategoryViewController.swift in Sources */,
				FA990FE7275FA6B40074E0D9 /* PhotoScreenCoordinator.swift in Sources */,
				FA85B7082760F2E200B68AEC /* CustomSearchBar.swift in Sources */,
				FA34EF56275A13C200EC561C /* PopupView.swift in Sources */,
				FA5630D22761F096004202AE /* CategoryCell.swift in Sources */,
				FAA08C4E2758F52F00B7C960 /* AuthViewController.swift in Sources */,
				FA5630CD2761EE68004202AE /* CategoryViewModel.swift in Sources */,
				FAA08C4A2758EDD300B7C960 /* AuthCoordinator.swift in Sources */,
				FA990FE3275FA61F0074E0D9 /* PhotoScreenViewController.swift in Sources */,
				FA5630CF2761EEA7004202AE /* CategoryCoordinator.swift in Sources */,
				FAA08C572758FEA400B7C960 /* NetworkError.swift in Sources */,
				FAA08C692759112C00B7C960 /* MapViewModel.swift in Sources */,
				FAA08C462758ED5E00B7C960 /* Coordinator.swift in Sources */,
				FAA08C552758FDB800B7C960 /* AuthorizationService.swift in Sources */,
				FA85B7062760D37A00B68AEC /* TableViewModels.swift in Sources */,
			);
			runOnlyForDeploymentPostprocessing = 0;
		};
		FAA08C0D2758E17C00B7C960 /* Sources */ = {
			isa = PBXSourcesBuildPhase;
			buildActionMask = 2147483647;
			files = (
				FAA08C472758ED5E00B7C960 /* Coordinator.swift in Sources */,
				FAA08C4B2758EDD300B7C960 /* AuthCoordinator.swift in Sources */,
				FAA08C162758E17C00B7C960 /* PhotoMapTests.swift in Sources */,
			);
			runOnlyForDeploymentPostprocessing = 0;
		};
		FAA08C172758E17C00B7C960 /* Sources */ = {
			isa = PBXSourcesBuildPhase;
			buildActionMask = 2147483647;
			files = (
				FAA08C222758E17C00B7C960 /* PhotoMapUITestsLaunchTests.swift in Sources */,
				FAA08C202758E17C00B7C960 /* PhotoMapUITests.swift in Sources */,
				FAA08C4C2758EDD300B7C960 /* AuthCoordinator.swift in Sources */,
				FAA08C482758ED5E00B7C960 /* Coordinator.swift in Sources */,
			);
			runOnlyForDeploymentPostprocessing = 0;
		};
/* End PBXSourcesBuildPhase section */

/* Begin PBXTargetDependency section */
		FAA08C132758E17C00B7C960 /* PBXTargetDependency */ = {
			isa = PBXTargetDependency;
			target = FAA08BFA2758E17B00B7C960 /* PhotoMap */;
			targetProxy = FAA08C122758E17C00B7C960 /* PBXContainerItemProxy */;
		};
		FAA08C1D2758E17C00B7C960 /* PBXTargetDependency */ = {
			isa = PBXTargetDependency;
			target = FAA08BFA2758E17B00B7C960 /* PhotoMap */;
			targetProxy = FAA08C1C2758E17C00B7C960 /* PBXContainerItemProxy */;
		};
/* End PBXTargetDependency section */

/* Begin PBXVariantGroup section */
		FAA08C042758E17B00B7C960 /* Main.storyboard */ = {
			isa = PBXVariantGroup;
			children = (
				FAA08C052758E17B00B7C960 /* Base */,
			);
			name = Main.storyboard;
			sourceTree = "<group>";
		};
		FAA08C092758E17C00B7C960 /* LaunchScreen.storyboard */ = {
			isa = PBXVariantGroup;
			children = (
				FAA08C0A2758E17C00B7C960 /* Base */,
			);
			name = LaunchScreen.storyboard;
			sourceTree = "<group>";
		};
/* End PBXVariantGroup section */

/* Begin XCBuildConfiguration section */
		FAA08C232758E17C00B7C960 /* Debug */ = {
			isa = XCBuildConfiguration;
			buildSettings = {
				ALWAYS_SEARCH_USER_PATHS = NO;
				CLANG_ANALYZER_NONNULL = YES;
				CLANG_ANALYZER_NUMBER_OBJECT_CONVERSION = YES_AGGRESSIVE;
				CLANG_CXX_LANGUAGE_STANDARD = "gnu++17";
				CLANG_CXX_LIBRARY = "libc++";
				CLANG_ENABLE_MODULES = YES;
				CLANG_ENABLE_OBJC_ARC = YES;
				CLANG_ENABLE_OBJC_WEAK = YES;
				CLANG_WARN_BLOCK_CAPTURE_AUTORELEASING = YES;
				CLANG_WARN_BOOL_CONVERSION = YES;
				CLANG_WARN_COMMA = YES;
				CLANG_WARN_CONSTANT_CONVERSION = YES;
				CLANG_WARN_DEPRECATED_OBJC_IMPLEMENTATIONS = YES;
				CLANG_WARN_DIRECT_OBJC_ISA_USAGE = YES_ERROR;
				CLANG_WARN_DOCUMENTATION_COMMENTS = YES;
				CLANG_WARN_EMPTY_BODY = YES;
				CLANG_WARN_ENUM_CONVERSION = YES;
				CLANG_WARN_INFINITE_RECURSION = YES;
				CLANG_WARN_INT_CONVERSION = YES;
				CLANG_WARN_NON_LITERAL_NULL_CONVERSION = YES;
				CLANG_WARN_OBJC_IMPLICIT_RETAIN_SELF = YES;
				CLANG_WARN_OBJC_LITERAL_CONVERSION = YES;
				CLANG_WARN_OBJC_ROOT_CLASS = YES_ERROR;
				CLANG_WARN_QUOTED_INCLUDE_IN_FRAMEWORK_HEADER = YES;
				CLANG_WARN_RANGE_LOOP_ANALYSIS = YES;
				CLANG_WARN_STRICT_PROTOTYPES = YES;
				CLANG_WARN_SUSPICIOUS_MOVE = YES;
				CLANG_WARN_UNGUARDED_AVAILABILITY = YES_AGGRESSIVE;
				CLANG_WARN_UNREACHABLE_CODE = YES;
				CLANG_WARN__DUPLICATE_METHOD_MATCH = YES;
				COPY_PHASE_STRIP = NO;
				DEBUG_INFORMATION_FORMAT = dwarf;
				ENABLE_STRICT_OBJC_MSGSEND = YES;
				ENABLE_TESTABILITY = YES;
				GCC_C_LANGUAGE_STANDARD = gnu11;
				GCC_DYNAMIC_NO_PIC = NO;
				GCC_NO_COMMON_BLOCKS = YES;
				GCC_OPTIMIZATION_LEVEL = 0;
				GCC_PREPROCESSOR_DEFINITIONS = (
					"DEBUG=1",
					"$(inherited)",
				);
				GCC_WARN_64_TO_32_BIT_CONVERSION = YES;
				GCC_WARN_ABOUT_RETURN_TYPE = YES_ERROR;
				GCC_WARN_UNDECLARED_SELECTOR = YES;
				GCC_WARN_UNINITIALIZED_AUTOS = YES_AGGRESSIVE;
				GCC_WARN_UNUSED_FUNCTION = YES;
				GCC_WARN_UNUSED_VARIABLE = YES;
				IPHONEOS_DEPLOYMENT_TARGET = 13.0;
				MTL_ENABLE_DEBUG_INFO = INCLUDE_SOURCE;
				MTL_FAST_MATH = YES;
				ONLY_ACTIVE_ARCH = YES;
				SDKROOT = iphoneos;
				SWIFT_ACTIVE_COMPILATION_CONDITIONS = DEBUG;
				SWIFT_OPTIMIZATION_LEVEL = "-Onone";
			};
			name = Debug;
		};
		FAA08C242758E17C00B7C960 /* Release */ = {
			isa = XCBuildConfiguration;
			buildSettings = {
				ALWAYS_SEARCH_USER_PATHS = NO;
				CLANG_ANALYZER_NONNULL = YES;
				CLANG_ANALYZER_NUMBER_OBJECT_CONVERSION = YES_AGGRESSIVE;
				CLANG_CXX_LANGUAGE_STANDARD = "gnu++17";
				CLANG_CXX_LIBRARY = "libc++";
				CLANG_ENABLE_MODULES = YES;
				CLANG_ENABLE_OBJC_ARC = YES;
				CLANG_ENABLE_OBJC_WEAK = YES;
				CLANG_WARN_BLOCK_CAPTURE_AUTORELEASING = YES;
				CLANG_WARN_BOOL_CONVERSION = YES;
				CLANG_WARN_COMMA = YES;
				CLANG_WARN_CONSTANT_CONVERSION = YES;
				CLANG_WARN_DEPRECATED_OBJC_IMPLEMENTATIONS = YES;
				CLANG_WARN_DIRECT_OBJC_ISA_USAGE = YES_ERROR;
				CLANG_WARN_DOCUMENTATION_COMMENTS = YES;
				CLANG_WARN_EMPTY_BODY = YES;
				CLANG_WARN_ENUM_CONVERSION = YES;
				CLANG_WARN_INFINITE_RECURSION = YES;
				CLANG_WARN_INT_CONVERSION = YES;
				CLANG_WARN_NON_LITERAL_NULL_CONVERSION = YES;
				CLANG_WARN_OBJC_IMPLICIT_RETAIN_SELF = YES;
				CLANG_WARN_OBJC_LITERAL_CONVERSION = YES;
				CLANG_WARN_OBJC_ROOT_CLASS = YES_ERROR;
				CLANG_WARN_QUOTED_INCLUDE_IN_FRAMEWORK_HEADER = YES;
				CLANG_WARN_RANGE_LOOP_ANALYSIS = YES;
				CLANG_WARN_STRICT_PROTOTYPES = YES;
				CLANG_WARN_SUSPICIOUS_MOVE = YES;
				CLANG_WARN_UNGUARDED_AVAILABILITY = YES_AGGRESSIVE;
				CLANG_WARN_UNREACHABLE_CODE = YES;
				CLANG_WARN__DUPLICATE_METHOD_MATCH = YES;
				COPY_PHASE_STRIP = NO;
				DEBUG_INFORMATION_FORMAT = "dwarf-with-dsym";
				ENABLE_NS_ASSERTIONS = NO;
				ENABLE_STRICT_OBJC_MSGSEND = YES;
				GCC_C_LANGUAGE_STANDARD = gnu11;
				GCC_NO_COMMON_BLOCKS = YES;
				GCC_WARN_64_TO_32_BIT_CONVERSION = YES;
				GCC_WARN_ABOUT_RETURN_TYPE = YES_ERROR;
				GCC_WARN_UNDECLARED_SELECTOR = YES;
				GCC_WARN_UNINITIALIZED_AUTOS = YES_AGGRESSIVE;
				GCC_WARN_UNUSED_FUNCTION = YES;
				GCC_WARN_UNUSED_VARIABLE = YES;
				IPHONEOS_DEPLOYMENT_TARGET = 13.0;
				MTL_ENABLE_DEBUG_INFO = NO;
				MTL_FAST_MATH = YES;
				SDKROOT = iphoneos;
				SWIFT_COMPILATION_MODE = wholemodule;
				SWIFT_OPTIMIZATION_LEVEL = "-O";
				VALIDATE_PRODUCT = YES;
			};
			name = Release;
		};
		FAA08C262758E17C00B7C960 /* Debug */ = {
			isa = XCBuildConfiguration;
			buildSettings = {
				ASSETCATALOG_COMPILER_APPICON_NAME = AppIcon;
				ASSETCATALOG_COMPILER_GLOBAL_ACCENT_COLOR_NAME = AccentColor;
				CODE_SIGN_STYLE = Automatic;
				CURRENT_PROJECT_VERSION = 1;
				DEBUG_INFORMATION_FORMAT = "dwarf-with-dsym";
				DEVELOPMENT_TEAM = 5ACJXA9F63;
				GENERATE_INFOPLIST_FILE = YES;
				INFOPLIST_FILE = PhotoMap/Source/Info.plist;
				INFOPLIST_KEY_UIApplicationSupportsIndirectInputEvents = YES;
				INFOPLIST_KEY_UILaunchStoryboardName = LaunchScreen;
				INFOPLIST_KEY_UISupportedInterfaceOrientations = UIInterfaceOrientationPortrait;
				INFOPLIST_KEY_UISupportedInterfaceOrientations_iPad = "UIInterfaceOrientationPortrait UIInterfaceOrientationPortraitUpsideDown UIInterfaceOrientationLandscapeLeft UIInterfaceOrientationLandscapeRight";
				INFOPLIST_KEY_UISupportedInterfaceOrientations_iPhone = "UIInterfaceOrientationPortrait UIInterfaceOrientationLandscapeLeft UIInterfaceOrientationLandscapeRight";
				IPHONEOS_DEPLOYMENT_TARGET = 13.0;
				LD_RUNPATH_SEARCH_PATHS = (
					"$(inherited)",
					"@executable_path/Frameworks",
				);
				MARKETING_VERSION = 1.0;
				PRODUCT_BUNDLE_IDENTIFIER = Mikita.Glavinski.PhotoMap;
				PRODUCT_NAME = "$(TARGET_NAME)";
				SWIFT_EMIT_LOC_STRINGS = YES;
				SWIFT_VERSION = 5.0;
				TARGETED_DEVICE_FAMILY = 1;
			};
			name = Debug;
		};
		FAA08C272758E17C00B7C960 /* Release */ = {
			isa = XCBuildConfiguration;
			buildSettings = {
				ASSETCATALOG_COMPILER_APPICON_NAME = AppIcon;
				ASSETCATALOG_COMPILER_GLOBAL_ACCENT_COLOR_NAME = AccentColor;
				CODE_SIGN_STYLE = Automatic;
				CURRENT_PROJECT_VERSION = 1;
				DEVELOPMENT_TEAM = 5ACJXA9F63;
				GENERATE_INFOPLIST_FILE = YES;
				INFOPLIST_FILE = PhotoMap/Source/Info.plist;
				INFOPLIST_KEY_UIApplicationSupportsIndirectInputEvents = YES;
				INFOPLIST_KEY_UILaunchStoryboardName = LaunchScreen;
				INFOPLIST_KEY_UISupportedInterfaceOrientations = UIInterfaceOrientationPortrait;
				INFOPLIST_KEY_UISupportedInterfaceOrientations_iPad = "UIInterfaceOrientationPortrait UIInterfaceOrientationPortraitUpsideDown UIInterfaceOrientationLandscapeLeft UIInterfaceOrientationLandscapeRight";
				INFOPLIST_KEY_UISupportedInterfaceOrientations_iPhone = "UIInterfaceOrientationPortrait UIInterfaceOrientationLandscapeLeft UIInterfaceOrientationLandscapeRight";
				IPHONEOS_DEPLOYMENT_TARGET = 13.0;
				LD_RUNPATH_SEARCH_PATHS = (
					"$(inherited)",
					"@executable_path/Frameworks",
				);
				MARKETING_VERSION = 1.0;
				PRODUCT_BUNDLE_IDENTIFIER = Mikita.Glavinski.PhotoMap;
				PRODUCT_NAME = "$(TARGET_NAME)";
				SWIFT_EMIT_LOC_STRINGS = YES;
				SWIFT_VERSION = 5.0;
				TARGETED_DEVICE_FAMILY = 1;
			};
			name = Release;
		};
		FAA08C292758E17C00B7C960 /* Debug */ = {
			isa = XCBuildConfiguration;
			buildSettings = {
				ALWAYS_EMBED_SWIFT_STANDARD_LIBRARIES = YES;
				BUNDLE_LOADER = "$(TEST_HOST)";
				CODE_SIGN_STYLE = Automatic;
				CURRENT_PROJECT_VERSION = 1;
				DEVELOPMENT_TEAM = 5ACJXA9F63;
				GENERATE_INFOPLIST_FILE = YES;
				IPHONEOS_DEPLOYMENT_TARGET = 15.0;
				LD_RUNPATH_SEARCH_PATHS = (
					"$(inherited)",
					"@executable_path/Frameworks",
					"@loader_path/Frameworks",
				);
				MARKETING_VERSION = 1.0;
				PRODUCT_BUNDLE_IDENTIFIER = Mikita.Glavinski.PhotoMapTests;
				PRODUCT_NAME = "$(TARGET_NAME)";
				SWIFT_EMIT_LOC_STRINGS = NO;
				SWIFT_VERSION = 5.0;
				TARGETED_DEVICE_FAMILY = "1,2";
				TEST_HOST = "$(BUILT_PRODUCTS_DIR)/PhotoMap.app/PhotoMap";
			};
			name = Debug;
		};
		FAA08C2A2758E17C00B7C960 /* Release */ = {
			isa = XCBuildConfiguration;
			buildSettings = {
				ALWAYS_EMBED_SWIFT_STANDARD_LIBRARIES = YES;
				BUNDLE_LOADER = "$(TEST_HOST)";
				CODE_SIGN_STYLE = Automatic;
				CURRENT_PROJECT_VERSION = 1;
				DEVELOPMENT_TEAM = 5ACJXA9F63;
				GENERATE_INFOPLIST_FILE = YES;
				IPHONEOS_DEPLOYMENT_TARGET = 15.0;
				LD_RUNPATH_SEARCH_PATHS = (
					"$(inherited)",
					"@executable_path/Frameworks",
					"@loader_path/Frameworks",
				);
				MARKETING_VERSION = 1.0;
				PRODUCT_BUNDLE_IDENTIFIER = Mikita.Glavinski.PhotoMapTests;
				PRODUCT_NAME = "$(TARGET_NAME)";
				SWIFT_EMIT_LOC_STRINGS = NO;
				SWIFT_VERSION = 5.0;
				TARGETED_DEVICE_FAMILY = "1,2";
				TEST_HOST = "$(BUILT_PRODUCTS_DIR)/PhotoMap.app/PhotoMap";
			};
			name = Release;
		};
		FAA08C2C2758E17C00B7C960 /* Debug */ = {
			isa = XCBuildConfiguration;
			buildSettings = {
				ALWAYS_EMBED_SWIFT_STANDARD_LIBRARIES = YES;
				CODE_SIGN_STYLE = Automatic;
				CURRENT_PROJECT_VERSION = 1;
				DEVELOPMENT_TEAM = 5ACJXA9F63;
				GENERATE_INFOPLIST_FILE = YES;
				LD_RUNPATH_SEARCH_PATHS = (
					"$(inherited)",
					"@executable_path/Frameworks",
					"@loader_path/Frameworks",
				);
				MARKETING_VERSION = 1.0;
				PRODUCT_BUNDLE_IDENTIFIER = Mikita.Glavinski.PhotoMapUITests;
				PRODUCT_NAME = "$(TARGET_NAME)";
				SWIFT_EMIT_LOC_STRINGS = NO;
				SWIFT_VERSION = 5.0;
				TARGETED_DEVICE_FAMILY = "1,2";
				TEST_TARGET_NAME = PhotoMap;
			};
			name = Debug;
		};
		FAA08C2D2758E17C00B7C960 /* Release */ = {
			isa = XCBuildConfiguration;
			buildSettings = {
				ALWAYS_EMBED_SWIFT_STANDARD_LIBRARIES = YES;
				CODE_SIGN_STYLE = Automatic;
				CURRENT_PROJECT_VERSION = 1;
				DEVELOPMENT_TEAM = 5ACJXA9F63;
				GENERATE_INFOPLIST_FILE = YES;
				LD_RUNPATH_SEARCH_PATHS = (
					"$(inherited)",
					"@executable_path/Frameworks",
					"@loader_path/Frameworks",
				);
				MARKETING_VERSION = 1.0;
				PRODUCT_BUNDLE_IDENTIFIER = Mikita.Glavinski.PhotoMapUITests;
				PRODUCT_NAME = "$(TARGET_NAME)";
				SWIFT_EMIT_LOC_STRINGS = NO;
				SWIFT_VERSION = 5.0;
				TARGETED_DEVICE_FAMILY = "1,2";
				TEST_TARGET_NAME = PhotoMap;
			};
			name = Release;
		};
/* End XCBuildConfiguration section */

/* Begin XCConfigurationList section */
		FAA08BF62758E17B00B7C960 /* Build configuration list for PBXProject "PhotoMap" */ = {
			isa = XCConfigurationList;
			buildConfigurations = (
				FAA08C232758E17C00B7C960 /* Debug */,
				FAA08C242758E17C00B7C960 /* Release */,
			);
			defaultConfigurationIsVisible = 0;
			defaultConfigurationName = Release;
		};
		FAA08C252758E17C00B7C960 /* Build configuration list for PBXNativeTarget "PhotoMap" */ = {
			isa = XCConfigurationList;
			buildConfigurations = (
				FAA08C262758E17C00B7C960 /* Debug */,
				FAA08C272758E17C00B7C960 /* Release */,
			);
			defaultConfigurationIsVisible = 0;
			defaultConfigurationName = Release;
		};
		FAA08C282758E17C00B7C960 /* Build configuration list for PBXNativeTarget "PhotoMapTests" */ = {
			isa = XCConfigurationList;
			buildConfigurations = (
				FAA08C292758E17C00B7C960 /* Debug */,
				FAA08C2A2758E17C00B7C960 /* Release */,
			);
			defaultConfigurationIsVisible = 0;
			defaultConfigurationName = Release;
		};
		FAA08C2B2758E17C00B7C960 /* Build configuration list for PBXNativeTarget "PhotoMapUITests" */ = {
			isa = XCConfigurationList;
			buildConfigurations = (
				FAA08C2C2758E17C00B7C960 /* Debug */,
				FAA08C2D2758E17C00B7C960 /* Release */,
			);
			defaultConfigurationIsVisible = 0;
			defaultConfigurationName = Release;
		};
/* End XCConfigurationList section */

/* Begin XCRemoteSwiftPackageReference section */
		FA990FD7275F604C0074E0D9 /* XCRemoteSwiftPackageReference "Alamofire" */ = {
			isa = XCRemoteSwiftPackageReference;
			repositoryURL = "https://github.com/Alamofire/Alamofire";
			requirement = {
				kind = upToNextMajorVersion;
				minimumVersion = 5.0.0;
			};
		};
		FAA08C322758E32900B7C960 /* XCRemoteSwiftPackageReference "firebase-ios-sdk" */ = {
			isa = XCRemoteSwiftPackageReference;
			repositoryURL = "https://github.com/firebase/firebase-ios-sdk";
			requirement = {
				kind = upToNextMajorVersion;
				minimumVersion = 8.0.0;
			};
		};
/* End XCRemoteSwiftPackageReference section */

/* Begin XCSwiftPackageProductDependency section */
		FA990FD8275F604C0074E0D9 /* Alamofire */ = {
			isa = XCSwiftPackageProductDependency;
			package = FA990FD7275F604C0074E0D9 /* XCRemoteSwiftPackageReference "Alamofire" */;
			productName = Alamofire;
		};
		FAA08C332758E32900B7C960 /* FirebaseAnalytics */ = {
			isa = XCSwiftPackageProductDependency;
			package = FAA08C322758E32900B7C960 /* XCRemoteSwiftPackageReference "firebase-ios-sdk" */;
			productName = FirebaseAnalytics;
		};
		FAA08C352758E32900B7C960 /* FirebaseAuth */ = {
			isa = XCSwiftPackageProductDependency;
			package = FAA08C322758E32900B7C960 /* XCRemoteSwiftPackageReference "firebase-ios-sdk" */;
			productName = FirebaseAuth;
		};
		FAA08C372758E32900B7C960 /* FirebaseCrashlytics */ = {
			isa = XCSwiftPackageProductDependency;
			package = FAA08C322758E32900B7C960 /* XCRemoteSwiftPackageReference "firebase-ios-sdk" */;
			productName = FirebaseCrashlytics;
		};
		FAA08C392758E32900B7C960 /* FirebaseFirestore */ = {
			isa = XCSwiftPackageProductDependency;
			package = FAA08C322758E32900B7C960 /* XCRemoteSwiftPackageReference "firebase-ios-sdk" */;
			productName = FirebaseFirestore;
		};
		FAA08C3B2758E32900B7C960 /* FirebaseStorage */ = {
			isa = XCSwiftPackageProductDependency;
			package = FAA08C322758E32900B7C960 /* XCRemoteSwiftPackageReference "firebase-ios-sdk" */;
			productName = FirebaseStorage;
		};
/* End XCSwiftPackageProductDependency section */
	};
	rootObject = FAA08BF32758E17B00B7C960 /* Project object */;
}
